
Microsoft Visual Studio Solution File, Format Version 12.00
# Visual Studio 15
VisualStudioVersion = 15.0.28307.572
MinimumVisualStudioVersion = 10.0.40219.1
Project("{9A19103F-16F7-4668-BE54-9A1E7A4F7556}") = "CategoryTreeGenerator", "CategoryTreeGenerator\CategoryTreeGenerator.csproj", "{9CD7E77E-7D4B-43CB-9FF4-17DB5F8C54B5}"
EndProject
Global
	GlobalSection(SolutionConfigurationPlatforms) = preSolution
		Debug|Any CPU = Debug|Any CPU
		Release|Any CPU = Release|Any CPU
	EndGlobalSection
	GlobalSection(ProjectConfigurationPlatforms) = postSolution
		{9CD7E77E-7D4B-43CB-9FF4-17DB5F8C54B5}.Debug|Any CPU.ActiveCfg = Debug|Any CPU
		{9CD7E77E-7D4B-43CB-9FF4-17DB5F8C54B5}.Debug|Any CPU.Build.0 = Debug|Any CPU
		{9CD7E77E-7D4B-43CB-9FF4-17DB5F8C54B5}.Release|Any CPU.ActiveCfg = Release|Any CPU
		{9CD7E77E-7D4B-43CB-9FF4-17DB5F8C54B5}.Release|Any CPU.Build.0 = Release|Any CPU
	EndGlobalSection
	GlobalSection(SolutionProperties) = preSolution
		HideSolutionNode = FALSE
	EndGlobalSection
	GlobalSection(ExtensibilityGlobals) = postSolution
		SolutionGuid = {CAEF0AA2-859C-4805-95EA-82C9C5719071}
	EndGlobalSection
EndGlobal
